PODS:
  - BAFluidView (0.2.3)
  - FSCalendar (2.7.0)

DEPENDENCIES:
  - BAFluidView (~> 0.2.3)
  - FSCalendar

SPEC CHECKSUMS:
  BAFluidView: 5d84ef109831b97740f75b6d785e51f13fa08398
  FSCalendar: 4957703ebd99b4fd0bfd46bf3e3c6465c0a25482

PODFILE CHECKSUM: bdf0bf9d2d21e514f242a5e9ea06d761f1319546

COCOAPODS: 1.2.1
