// !$*UTF8*$!
{
	archiveVersion = 1;
	classes = {
	};
	objectVersion = 46;
	objects = {

/* Begin PBXBuildFile section */
		182F0E2E1E8482520019DF4A /* ParentViewController.m in Sources */ = {isa = PBXBuildFile; fileRef = 182F0E2D1E8482520019DF4A /* ParentViewController.m */; };
		182F0E3A1E8487730019DF4A /* SettingsTableViewController.m in Sources */ = {isa = PBXBuildFile; fileRef = 182F0E391E8487730019DF4A /* SettingsTableViewController.m */; };
		182F0E3D1E8487970019DF4A /* MainViewController.m in Sources */ = {isa = PBXBuildFile; fileRef = 182F0E3C1E8487970019DF4A /* MainViewController.m */; };
		182F0E401E8487A10019DF4A /* TrackerViewController.m in Sources */ = {isa = PBXBuildFile; fileRef = 182F0E3F1E8487A10019DF4A /* TrackerViewController.m */; };
		187E89001E840BC5007DFB52 /* main.m in Sources */ = {isa = PBXBuildFile; fileRef = 187E88FF1E840BC5007DFB52 /* main.m */; };
		187E89031E840BC5007DFB52 /* AppDelegate.m in Sources */ = {isa = PBXBuildFile; fileRef = 187E89021E840BC5007DFB52 /* AppDelegate.m */; };
		187E890C1E840BC5007DFB52 /* Water_App.xcdatamodeld in Sources */ = {isa = PBXBuildFile; fileRef = 187E890A1E840BC5007DFB52 /* Water_App.xcdatamodeld */; };
		187E890E1E840BC5007DFB52 /* Assets.xcassets in Resources */ = {isa = PBXBuildFile; fileRef = 187E890D1E840BC5007DFB52 /* Assets.xcassets */; };
		187E89111E840BC5007DFB52 /* LaunchScreen.storyboard in Resources */ = {isa = PBXBuildFile; fileRef = 187E890F1E840BC5007DFB52 /* LaunchScreen.storyboard */; };
		187E891C1E840BC5007DFB52 /* Water_AppTests.m in Sources */ = {isa = PBXBuildFile; fileRef = 187E891B1E840BC5007DFB52 /* Water_AppTests.m */; };
		187E89271E840BC5007DFB52 /* Water_AppUITests.m in Sources */ = {isa = PBXBuildFile; fileRef = 187E89261E840BC5007DFB52 /* Water_AppUITests.m */; };
		6218D4358F9DC7F52738F4CD /* Pods_Water_App.framework in Frameworks */ = {isa = PBXBuildFile; fileRef = F395FD4F112C5E0B879AB591 /* Pods_Water_App.framework */; };
		B640DDA1C03D5EE118B9E155 /* Pods_Water_AppUITests.framework in Frameworks */ = {isa = PBXBuildFile; fileRef = 502E32F47B0E66911D251722 /* Pods_Water_AppUITests.framework */; };
		EF6A4F83A6361CE7FD8D6F73 /* Pods_Water_AppTests.framework in Frameworks */ = {isa = PBXBuildFile; fileRef = 46C0F6920C8FDABFB5F17373 /* Pods_Water_AppTests.framework */; };
/* End PBXBuildFile section */

/* Begin PBXContainerItemProxy section */
		187E89181E840BC5007DFB52 /* PBXContainerItemProxy */ = {
			isa = PBXContainerItemProxy;
			containerPortal = 187E88F31E840BC5007DFB52 /* Project object */;
			proxyType = 1;
			remoteGlobalIDString = 187E88FA1E840BC5007DFB52;
			remoteInfo = "Water App";
		};
		187E89231E840BC5007DFB52 /* PBXContainerItemProxy */ = {
			isa = PBXContainerItemProxy;
			containerPortal = 187E88F31E840BC5007DFB52 /* Project object */;
			proxyType = 1;
			remoteGlobalIDString = 187E88FA1E840BC5007DFB52;
			remoteInfo = "Water App";
		};
/* End PBXContainerItemProxy section */

/* Begin PBXFileReference section */
		10D443E73E3D39B42F3A96F4 /* Pods-Water AppTests.release.xcconfig */ = {isa = PBXFileReference; includeInIndex = 1; lastKnownFileType = text.xcconfig; name = "Pods-Water AppTests.release.xcconfig"; path = "Pods/Target Support Files/Pods-Water AppTests/Pods-Water AppTests.release.xcconfig"; sourceTree = "<group>"; };
		182F0E2C1E8482520019DF4A /* ParentViewController.h */ = {isa = PBXFileReference; fileEncoding = 4; lastKnownFileType = sourcecode.c.h; path = ParentViewController.h; sourceTree = "<group>"; };
		182F0E2D1E8482520019DF4A /* ParentViewController.m */ = {isa = PBXFileReference; fileEncoding = 4; lastKnownFileType = sourcecode.c.objc; path = ParentViewController.m; sourceTree = "<group>"; };
		182F0E381E8487730019DF4A /* SettingsTableViewController.h */ = {isa = PBXFileReference; fileEncoding = 4; lastKnownFileType = sourcecode.c.h; path = SettingsTableViewController.h; sourceTree = "<group>"; };
		182F0E391E8487730019DF4A /* SettingsTableViewController.m */ = {isa = PBXFileReference; fileEncoding = 4; lastKnownFileType = sourcecode.c.objc; path = SettingsTableViewController.m; sourceTree = "<group>"; };
		182F0E3B1E8487970019DF4A /* MainViewController.h */ = {isa = PBXFileReference; fileEncoding = 4; lastKnownFileType = sourcecode.c.h; path = MainViewController.h; sourceTree = "<group>"; };
		182F0E3C1E8487970019DF4A /* MainViewController.m */ = {isa = PBXFileReference; fileEncoding = 4; lastKnownFileType = sourcecode.c.objc; path = MainViewController.m; sourceTree = "<group>"; };
		182F0E3E1E8487A10019DF4A /* TrackerViewController.h */ = {isa = PBXFileReference; fileEncoding = 4; lastKnownFileType = sourcecode.c.h; path = TrackerViewController.h; sourceTree = "<group>"; };
		182F0E3F1E8487A10019DF4A /* TrackerViewController.m */ = {isa = PBXFileReference; fileEncoding = 4; lastKnownFileType = sourcecode.c.objc; path = TrackerViewController.m; sourceTree = "<group>"; };
		182F0E411E848B450019DF4A /* Constants.h */ = {isa = PBXFileReference; lastKnownFileType = sourcecode.c.h; path = Constants.h; sourceTree = "<group>"; };
		187E88FB1E840BC5007DFB52 /* Water App.app */ = {isa = PBXFileReference; explicitFileType = wrapper.application; includeInIndex = 0; path = "Water App.app"; sourceTree = BUILT_PRODUCTS_DIR; };
		187E88FF1E840BC5007DFB52 /* main.m */ = {isa = PBXFileReference; lastKnownFileType = sourcecode.c.objc; path = main.m; sourceTree = "<group>"; };
		187E89011E840BC5007DFB52 /* AppDelegate.h */ = {isa = PBXFileReference; lastKnownFileType = sourcecode.c.h; path = AppDelegate.h; sourceTree = "<group>"; };
		187E89021E840BC5007DFB52 /* AppDelegate.m */ = {isa = PBXFileReference; lastKnownFileType = sourcecode.c.objc; path = AppDelegate.m; sourceTree = "<group>"; };
		187E890B1E840BC5007DFB52 /* Water_App.xcdatamodel */ = {isa = PBXFileReference; lastKnownFileType = wrapper.xcdatamodel; path = Water_App.xcdatamodel; sourceTree = "<group>"; };
		187E890D1E840BC5007DFB52 /* Assets.xcassets */ = {isa = PBXFileReference; lastKnownFileType = folder.assetcatalog; path = Assets.xcassets; sourceTree = "<group>"; };
		187E89101E840BC5007DFB52 /* Base */ = {isa = PBXFileReference; lastKnownFileType = file.storyboard; name = Base; path = Base.lproj/LaunchScreen.storyboard; sourceTree = "<group>"; };
		187E89121E840BC5007DFB52 /* Info.plist */ = {isa = PBXFileReference; lastKnownFileType = text.plist.xml; path = Info.plist; sourceTree = "<group>"; };
		187E89171E840BC5007DFB52 /* Water AppTests.xctest */ = {isa = PBXFileReference; explicitFileType = wrapper.cfbundle; includeInIndex = 0; path = "Water AppTests.xctest"; sourceTree = BUILT_PRODUCTS_DIR; };
		187E891B1E840BC5007DFB52 /* Water_AppTests.m */ = {isa = PBXFileReference; lastKnownFileType = sourcecode.c.objc; path = Water_AppTests.m; sourceTree = "<group>"; };
		187E891D1E840BC5007DFB52 /* Info.plist */ = {isa = PBXFileReference; lastKnownFileType = text.plist.xml; path = Info.plist; sourceTree = "<group>"; };
		187E89221E840BC5007DFB52 /* Water AppUITests.xctest */ = {isa = PBXFileReference; explicitFileType = wrapper.cfbundle; includeInIndex = 0; path = "Water AppUITests.xctest"; sourceTree = BUILT_PRODUCTS_DIR; };
		187E89261E840BC5007DFB52 /* Water_AppUITests.m */ = {isa = PBXFileReference; lastKnownFileType = sourcecode.c.objc; path = Water_AppUITests.m; sourceTree = "<group>"; };
		187E89281E840BC5007DFB52 /* Info.plist */ = {isa = PBXFileReference; lastKnownFileType = text.plist.xml; path = Info.plist; sourceTree = "<group>"; };
		1E0E6F9AD04C1ADA95E99FDA /* Pods-Water AppUITests.release.xcconfig */ = {isa = PBXFileReference; includeInIndex = 1; lastKnownFileType = text.xcconfig; name = "Pods-Water AppUITests.release.xcconfig"; path = "Pods/Target Support Files/Pods-Water AppUITests/Pods-Water AppUITests.release.xcconfig"; sourceTree = "<group>"; };
		272FA7EAD7780D29F208EAED /* Pods-Water App.release.xcconfig */ = {isa = PBXFileReference; includeInIndex = 1; lastKnownFileType = text.xcconfig; name = "Pods-Water App.release.xcconfig"; path = "Pods/Target Support Files/Pods-Water App/Pods-Water App.release.xcconfig"; sourceTree = "<group>"; };
		42B3C0002EE72748344FEFDC /* Pods-Water AppUITests.debug.xcconfig */ = {isa = PBXFileReference; includeInIndex = 1; lastKnownFileType = text.xcconfig; name = "Pods-Water AppUITests.debug.xcconfig"; path = "Pods/Target Support Files/Pods-Water AppUITests/Pods-Water AppUITests.debug.xcconfig"; sourceTree = "<group>"; };
		46C0F6920C8FDABFB5F17373 /* Pods_Water_AppTests.framework */ = {isa = PBXFileReference; explicitFileType = wrapper.framework; includeInIndex = 0; path = Pods_Water_AppTests.framework; sourceTree = BUILT_PRODUCTS_DIR; };
		502E32F47B0E66911D251722 /* Pods_Water_AppUITests.framework */ = {isa = PBXFileReference; explicitFileType = wrapper.framework; includeInIndex = 0; path = Pods_Water_AppUITests.framework; sourceTree = BUILT_PRODUCTS_DIR; };
		847E2DE8553AB80872CFDC0D /* Pods-Water AppTests.debug.xcconfig */ = {isa = PBXFileReference; includeInIndex = 1; lastKnownFileType = text.xcconfig; name = "Pods-Water AppTests.debug.xcconfig"; path = "Pods/Target Support Files/Pods-Water AppTests/Pods-Water AppTests.debug.xcconfig"; sourceTree = "<group>"; };
		F395FD4F112C5E0B879AB591 /* Pods_Water_App.framework */ = {isa = PBXFileReference; explicitFileType = wrapper.framework; includeInIndex = 0; path = Pods_Water_App.framework; sourceTree = BUILT_PRODUCTS_DIR; };
		FC8AC30F71A108ECFD6D944E /* Pods-Water App.debug.xcconfig */ = {isa = PBXFileReference; includeInIndex = 1; lastKnownFileType = text.xcconfig; name = "Pods-Water App.debug.xcconfig"; path = "Pods/Target Support Files/Pods-Water App/Pods-Water App.debug.xcconfig"; sourceTree = "<group>"; };
/* End PBXFileReference section */

/* Begin PBXFrameworksBuildPhase section */
		187E88F81E840BC5007DFB52 /* Frameworks */ = {
			isa = PBXFrameworksBuildPhase;
			buildActionMask = 2147483647;
			files = (
				6218D4358F9DC7F52738F4CD /* Pods_Water_App.framework in Frameworks */,
			);
			runOnlyForDeploymentPostprocessing = 0;
		};
		187E89141E840BC5007DFB52 /* Frameworks */ = {
			isa = PBXFrameworksBuildPhase;
			buildActionMask = 2147483647;
			files = (
				EF6A4F83A6361CE7FD8D6F73 /* Pods_Water_AppTests.framework in Frameworks */,
			);
			runOnlyForDeploymentPostprocessing = 0;
		};
		187E891F1E840BC5007DFB52 /* Frameworks */ = {
			isa = PBXFrameworksBuildPhase;
			buildActionMask = 2147483647;
			files = (
				B640DDA1C03D5EE118B9E155 /* Pods_Water_AppUITests.framework in Frameworks */,
			);
			runOnlyForDeploymentPostprocessing = 0;
		};
/* End PBXFrameworksBuildPhase section */

/* Begin PBXGroup section */
		187E88F21E840BC5007DFB52 = {
			isa = PBXGroup;
			children = (
				187E88FD1E840BC5007DFB52 /* Water App */,
				187E891A1E840BC5007DFB52 /* Water AppTests */,
				187E89251E840BC5007DFB52 /* Water AppUITests */,
				187E88FC1E840BC5007DFB52 /* Products */,
				621E94E5AF633035646D9A36 /* Pods */,
				E715BB56B28807FB85FF3B2C /* Frameworks */,
			);
			sourceTree = "<group>";
		};
		187E88FC1E840BC5007DFB52 /* Products */ = {
			isa = PBXGroup;
			children = (
				187E88FB1E840BC5007DFB52 /* Water App.app */,
				187E89171E840BC5007DFB52 /* Water AppTests.xctest */,
				187E89221E840BC5007DFB52 /* Water AppUITests.xctest */,
			);
			name = Products;
			sourceTree = "<group>";
		};
		187E88FD1E840BC5007DFB52 /* Water App */ = {
			isa = PBXGroup;
			children = (
				187E89011E840BC5007DFB52 /* AppDelegate.h */,
				187E89021E840BC5007DFB52 /* AppDelegate.m */,
				182F0E2C1E8482520019DF4A /* ParentViewController.h */,
				182F0E2D1E8482520019DF4A /* ParentViewController.m */,
				182F0E3E1E8487A10019DF4A /* TrackerViewController.h */,
				182F0E3F1E8487A10019DF4A /* TrackerViewController.m */,
				182F0E3B1E8487970019DF4A /* MainViewController.h */,
				182F0E3C1E8487970019DF4A /* MainViewController.m */,
				182F0E381E8487730019DF4A /* SettingsTableViewController.h */,
				182F0E391E8487730019DF4A /* SettingsTableViewController.m */,
				182F0E411E848B450019DF4A /* Constants.h */,
				187E890D1E840BC5007DFB52 /* Assets.xcassets */,
				187E890F1E840BC5007DFB52 /* LaunchScreen.storyboard */,
				187E89121E840BC5007DFB52 /* Info.plist */,
				187E890A1E840BC5007DFB52 /* Water_App.xcdatamodeld */,
				187E88FE1E840BC5007DFB52 /* Supporting Files */,
			);
			path = "Water App";
			sourceTree = "<group>";
		};
		187E88FE1E840BC5007DFB52 /* Supporting Files */ = {
			isa = PBXGroup;
			children = (
				187E88FF1E840BC5007DFB52 /* main.m */,
			);
			name = "Supporting Files";
			sourceTree = "<group>";
		};
		187E891A1E840BC5007DFB52 /* Water AppTests */ = {
			isa = PBXGroup;
			children = (
				187E891B1E840BC5007DFB52 /* Water_AppTests.m */,
				187E891D1E840BC5007DFB52 /* Info.plist */,
			);
			path = "Water AppTests";
			sourceTree = "<group>";
		};
		187E89251E840BC5007DFB52 /* Water AppUITests */ = {
			isa = PBXGroup;
			children = (
				187E89261E840BC5007DFB52 /* Water_AppUITests.m */,
				187E89281E840BC5007DFB52 /* Info.plist */,
			);
			path = "Water AppUITests";
			sourceTree = "<group>";
		};
		621E94E5AF633035646D9A36 /* Pods */ = {
			isa = PBXGroup;
			children = (
				FC8AC30F71A108ECFD6D944E /* Pods-Water App.debug.xcconfig */,
				272FA7EAD7780D29F208EAED /* Pods-Water App.release.xcconfig */,
				847E2DE8553AB80872CFDC0D /* Pods-Water AppTests.debug.xcconfig */,
				10D443E73E3D39B42F3A96F4 /* Pods-Water AppTests.release.xcconfig */,
				42B3C0002EE72748344FEFDC /* Pods-Water AppUITests.debug.xcconfig */,
				1E0E6F9AD04C1ADA95E99FDA /* Pods-Water AppUITests.release.xcconfig */,
			);
			name = Pods;
			sourceTree = "<group>";
		};
		E715BB56B28807FB85FF3B2C /* Frameworks */ = {
			isa = PBXGroup;
			children = (
				F395FD4F112C5E0B879AB591 /* Pods_Water_App.framework */,
				46C0F6920C8FDABFB5F17373 /* Pods_Water_AppTests.framework */,
				502E32F47B0E66911D251722 /* Pods_Water_AppUITests.framework */,
			);
			name = Frameworks;
			sourceTree = "<group>";
		};
/* End PBXGroup section */

/* Begin PBXNativeTarget section */
		187E88FA1E840BC5007DFB52 /* Water App */ = {
			isa = PBXNativeTarget;
			buildConfigurationList = 187E892B1E840BC5007DFB52 /* Build configuration list for PBXNativeTarget "Water App" */;
			buildPhases = (
				0F98BBDCAAEAD453DD9478E8 /* [CP] Check Pods Manifest.lock */,
				187E88F71E840BC5007DFB52 /* Sources */,
				187E88F81E840BC5007DFB52 /* Frameworks */,
				187E88F91E840BC5007DFB52 /* Resources */,
				EFBCAB8739C92A988258D4D2 /* [CP] Embed Pods Frameworks */,
				18C16661090E173114C8FCB6 /* [CP] Copy Pods Resources */,
			);
			buildRules = (
			);
			dependencies = (
			);
			name = "Water App";
			productName = "Water App";
			productReference = 187E88FB1E840BC5007DFB52 /* Water App.app */;
			productType = "com.apple.product-type.application";
		};
		187E89161E840BC5007DFB52 /* Water AppTests */ = {
			isa = PBXNativeTarget;
			buildConfigurationList = 187E892E1E840BC5007DFB52 /* Build configuration list for PBXNativeTarget "Water AppTests" */;
			buildPhases = (
				9810B853885FA8A774DD12EB /* [CP] Check Pods Manifest.lock */,
				187E89131E840BC5007DFB52 /* Sources */,
				187E89141E840BC5007DFB52 /* Frameworks */,
				187E89151E840BC5007DFB52 /* Resources */,
				FC5668DC6EC8DDEB796DFF26 /* [CP] Embed Pods Frameworks */,
				9F1B0EF2F664C3C91DBB7772 /* [CP] Copy Pods Resources */,
			);
			buildRules = (
			);
			dependencies = (
				187E89191E840BC5007DFB52 /* PBXTargetDependency */,
			);
			name = "Water AppTests";
			productName = "Water AppTests";
			productReference = 187E89171E840BC5007DFB52 /* Water AppTests.xctest */;
			productType = "com.apple.product-type.bundle.unit-test";
		};
		187E89211E840BC5007DFB52 /* Water AppUITests */ = {
			isa = PBXNativeTarget;
			buildConfigurationList = 187E89311E840BC5007DFB52 /* Build configuration list for PBXNativeTarget "Water AppUITests" */;
			buildPhases = (
				2A7E4921783BDF320735CF1B /* [CP] Check Pods Manifest.lock */,
				187E891E1E840BC5007DFB52 /* Sources */,
				187E891F1E840BC5007DFB52 /* Frameworks */,
				187E89201E840BC5007DFB52 /* Resources */,
				9CE6C5D3C2F6AD29E58BAA6E /* [CP] Embed Pods Frameworks */,
				CD2020801A677BE7497FAD37 /* [CP] Copy Pods Resources */,
			);
			buildRules = (
			);
			dependencies = (
				187E89241E840BC5007DFB52 /* PBXTargetDependency */,
			);
			name = "Water AppUITests";
			productName = "Water AppUITests";
			productReference = 187E89221E840BC5007DFB52 /* Water AppUITests.xctest */;
			productType = "com.apple.product-type.bundle.ui-testing";
		};
/* End PBXNativeTarget section */

/* Begin PBXProject section */
		187E88F31E840BC5007DFB52 /* Project object */ = {
			isa = PBXProject;
			attributes = {
				LastUpgradeCheck = 0820;
				ORGANIZATIONNAME = "Immanuel Kannan";
				TargetAttributes = {
					187E88FA1E840BC5007DFB52 = {
						CreatedOnToolsVersion = 8.2.1;
						DevelopmentTeam = YD6XDYJUC5;
						ProvisioningStyle = Automatic;
					};
					187E89161E840BC5007DFB52 = {
						CreatedOnToolsVersion = 8.2.1;
						DevelopmentTeam = YD6XDYJUC5;
						ProvisioningStyle = Automatic;
						TestTargetID = 187E88FA1E840BC5007DFB52;
					};
					187E89211E840BC5007DFB52 = {
						CreatedOnToolsVersion = 8.2.1;
						DevelopmentTeam = YD6XDYJUC5;
						ProvisioningStyle = Automatic;
						TestTargetID = 187E88FA1E840BC5007DFB52;
					};
				};
			};
			buildConfigurationList = 187E88F61E840BC5007DFB52 /* Build configuration list for PBXProject "Water App" */;
			compatibilityVersion = "Xcode 3.2";
			developmentRegion = English;
			hasScannedForEncodings = 0;
			knownRegions = (
				en,
				Base,
			);
			mainGroup = 187E88F21E840BC5007DFB52;
			productRefGroup = 187E88FC1E840BC5007DFB52 /* Products */;
			projectDirPath = "";
			projectRoot = "";
			targets = (
				187E88FA1E840BC5007DFB52 /* Water App */,
				187E89161E840BC5007DFB52 /* Water AppTests */,
				187E89211E840BC5007DFB52 /* Water AppUITests */,
			);
		};
/* End PBXProject section */

/* Begin PBXResourcesBuildPhase section */
		187E88F91E840BC5007DFB52 /* Resources */ = {
			isa = PBXResourcesBuildPhase;
			buildActionMask = 2147483647;
			files = (
				187E89111E840BC5007DFB52 /* LaunchScreen.storyboard in Resources */,
				187E890E1E840BC5007DFB52 /* Assets.xcassets in Resources */,
			);
			runOnlyForDeploymentPostprocessing = 0;
		};
		187E89151E840BC5007DFB52 /* Resources */ = {
			isa = PBXResourcesBuildPhase;
			buildActionMask = 2147483647;
			files = (
			);
			runOnlyForDeploymentPostprocessing = 0;
		};
		187E89201E840BC5007DFB52 /* Resources */ = {
			isa = PBXResourcesBuildPhase;
			buildActionMask = 2147483647;
			files = (
			);
			runOnlyForDeploymentPostprocessing = 0;
		};
/* End PBXResourcesBuildPhase section */

/* Begin PBXShellScriptBuildPhase section */
		0F98BBDCAAEAD453DD9478E8 /* [CP] Check Pods Manifest.lock */ = {
			isa = PBXShellScriptBuildPhase;
			buildActionMask = 2147483647;
			files = (
			);
			inputPaths = (
			);
			name = "[CP] Check Pods Manifest.lock";
			outputPaths = (
			);
			runOnlyForDeploymentPostprocessing = 0;
			shellPath = /bin/sh;
			shellScript = "diff \"${PODS_ROOT}/../Podfile.lock\" \"${PODS_ROOT}/Manifest.lock\" > /dev/null\nif [ $? != 0 ] ; then\n    # print error to STDERR\n    echo \"error: The sandbox is not in sync with the Podfile.lock. Run 'pod install' or update your CocoaPods installation.\" >&2\n    exit 1\nfi\n";
			showEnvVarsInLog = 0;
		};
		18C16661090E173114C8FCB6 /* [CP] Copy Pods Resources */ = {
			isa = PBXShellScriptBuildPhase;
			buildActionMask = 2147483647;
			files = (
			);
			inputPaths = (
			);
			name = "[CP] Copy Pods Resources";
			outputPaths = (
			);
			runOnlyForDeploymentPostprocessing = 0;
			shellPath = /bin/sh;
			shellScript = "\"${SRCROOT}/Pods/Target Support Files/Pods-Water App/Pods-Water App-resources.sh\"\n";
			showEnvVarsInLog = 0;
		};
		2A7E4921783BDF320735CF1B /* [CP] Check Pods Manifest.lock */ = {
			isa = PBXShellScriptBuildPhase;
			buildActionMask = 2147483647;
			files = (
			);
			inputPaths = (
			);
			name = "[CP] Check Pods Manifest.lock";
			outputPaths = (
			);
			runOnlyForDeploymentPostprocessing = 0;
			shellPath = /bin/sh;
			shellScript = "diff \"${PODS_ROOT}/../Podfile.lock\" \"${PODS_ROOT}/Manifest.lock\" > /dev/null\nif [ $? != 0 ] ; then\n    # print error to STDERR\n    echo \"error: The sandbox is not in sync with the Podfile.lock. Run 'pod install' or update your CocoaPods installation.\" >&2\n    exit 1\nfi\n";
			showEnvVarsInLog = 0;
		};
		9810B853885FA8A774DD12EB /* [CP] Check Pods Manifest.lock */ = {
			isa = PBXShellScriptBuildPhase;
			buildActionMask = 2147483647;
			files = (
			);
			inputPaths = (
			);
			name = "[CP] Check Pods Manifest.lock";
			outputPaths = (
			);
			runOnlyForDeploymentPostprocessing = 0;
			shellPath = /bin/sh;
			shellScript = "diff \"${PODS_ROOT}/../Podfile.lock\" \"${PODS_ROOT}/Manifest.lock\" > /dev/null\nif [ $? != 0 ] ; then\n    # print error to STDERR\n    echo \"error: The sandbox is not in sync with the Podfile.lock. Run 'pod install' or update your CocoaPods installation.\" >&2\n    exit 1\nfi\n";
			showEnvVarsInLog = 0;
		};
		9CE6C5D3C2F6AD29E58BAA6E /* [CP] Embed Pods Frameworks */ = {
			isa = PBXShellScriptBuildPhase;
			buildActionMask = 2147483647;
			files = (
			);
			inputPaths = (
			);
			name = "[CP] Embed Pods Frameworks";
			outputPaths = (
			);
			runOnlyForDeploymentPostprocessing = 0;
			shellPath = /bin/sh;
			shellScript = "\"${SRCROOT}/Pods/Target Support Files/Pods-Water AppUITests/Pods-Water AppUITests-frameworks.sh\"\n";
			showEnvVarsInLog = 0;
		};
		9F1B0EF2F664C3C91DBB7772 /* [CP] Copy Pods Resources */ = {
			isa = PBXShellScriptBuildPhase;
			buildActionMask = 2147483647;
			files = (
			);
			inputPaths = (
			);
			name = "[CP] Copy Pods Resources";
			outputPaths = (
			);
			runOnlyForDeploymentPostprocessing = 0;
			shellPath = /bin/sh;
			shellScript = "\"${SRCROOT}/Pods/Target Support Files/Pods-Water AppTests/Pods-Water AppTests-resources.sh\"\n";
			showEnvVarsInLog = 0;
		};
		CD2020801A677BE7497FAD37 /* [CP] Copy Pods Resources */ = {
			isa = PBXShellScriptBuildPhase;
			buildActionMask = 2147483647;
			files = (
			);
			inputPaths = (
			);
			name = "[CP] Copy Pods Resources";
			outputPaths = (
			);
			runOnlyForDeploymentPostprocessing = 0;
			shellPath = /bin/sh;
			shellScript = "\"${SRCROOT}/Pods/Target Support Files/Pods-Water AppUITests/Pods-Water AppUITests-resources.sh\"\n";
			showEnvVarsInLog = 0;
		};
		EFBCAB8739C92A988258D4D2 /* [CP] Embed Pods Frameworks */ = {
			isa = PBXShellScriptBuildPhase;
			buildActionMask = 2147483647;
			files = (
			);
			inputPaths = (
			);
			name = "[CP] Embed Pods Frameworks";
			outputPaths = (
			);
			runOnlyForDeploymentPostprocessing = 0;
			shellPath = /bin/sh;
			shellScript = "\"${SRCROOT}/Pods/Target Support Files/Pods-Water App/Pods-Water App-frameworks.sh\"\n";
			showEnvVarsInLog = 0;
		};
		FC5668DC6EC8DDEB796DFF26 /* [CP] Embed Pods Frameworks */ = {
			isa = PBXShellScriptBuildPhase;
			buildActionMask = 2147483647;
			files = (
			);
			inputPaths = (
			);
			name = "[CP] Embed Pods Frameworks";
			outputPaths = (
			);
			runOnlyForDeploymentPostprocessing = 0;
			shellPath = /bin/sh;
			shellScript = "\"${SRCROOT}/Pods/Target Support Files/Pods-Water AppTests/Pods-Water AppTests-frameworks.sh\"\n";
			showEnvVarsInLog = 0;
		};
/* End PBXShellScriptBuildPhase section */

/* Begin PBXSourcesBuildPhase section */
		187E88F71E840BC5007DFB52 /* Sources */ = {
			isa = PBXSourcesBuildPhase;
			buildActionMask = 2147483647;
			files = (
				182F0E3A1E8487730019DF4A /* SettingsTableViewController.m in Sources */,
				182F0E401E8487A10019DF4A /* TrackerViewController.m in Sources */,
				182F0E3D1E8487970019DF4A /* MainViewController.m in Sources */,
				187E890C1E840BC5007DFB52 /* Water_App.xcdatamodeld in Sources */,
				187E89031E840BC5007DFB52 /* AppDelegate.m in Sources */,
				182F0E2E1E8482520019DF4A /* ParentViewController.m in Sources */,
				187E89001E840BC5007DFB52 /* main.m in Sources */,
			);
			runOnlyForDeploymentPostprocessing = 0;
		};
		187E89131E840BC5007DFB52 /* Sources */ = {
			isa = PBXSourcesBuildPhase;
			buildActionMask = 2147483647;
			files = (
				187E891C1E840BC5007DFB52 /* Water_AppTests.m in Sources */,
			);
			runOnlyForDeploymentPostprocessing = 0;
		};
		187E891E1E840BC5007DFB52 /* Sources */ = {
			isa = PBXSourcesBuildPhase;
			buildActionMask = 2147483647;
			files = (
				187E89271E840BC5007DFB52 /* Water_AppUITests.m in Sources */,
			);
			runOnlyForDeploymentPostprocessing = 0;
		};
/* End PBXSourcesBuildPhase section */

/* Begin PBXTargetDependency section */
		187E89191E840BC5007DFB52 /* PBXTargetDependency */ = {
			isa = PBXTargetDependency;
			target = 187E88FA1E840BC5007DFB52 /* Water App */;
			targetProxy = 187E89181E840BC5007DFB52 /* PBXContainerItemProxy */;
		};
		187E89241E840BC5007DFB52 /* PBXTargetDependency */ = {
			isa = PBXTargetDependency;
			target = 187E88FA1E840BC5007DFB52 /* Water App */;
			targetProxy = 187E89231E840BC5007DFB52 /* PBXContainerItemProxy */;
		};
/* End PBXTargetDependency section */

/* Begin PBXVariantGroup section */
		187E890F1E840BC5007DFB52 /* LaunchScreen.storyboard */ = {
			isa = PBXVariantGroup;
			children = (
				187E89101E840BC5007DFB52 /* Base */,
			);
			name = LaunchScreen.storyboard;
			sourceTree = "<group>";
		};
/* End PBXVariantGroup section */

/* Begin XCBuildConfiguration section */
		187E89291E840BC5007DFB52 /* Debug */ = {
			isa = XCBuildConfiguration;
			buildSettings = {
				ALWAYS_SEARCH_USER_PATHS = NO;
				CLANG_ANALYZER_NONNULL = YES;
				CLANG_CXX_LANGUAGE_STANDARD = "gnu++0x";
				CLANG_CXX_LIBRARY = "libc++";
				CLANG_ENABLE_MODULES = YES;
				CLANG_ENABLE_OBJC_ARC = YES;
				CLANG_WARN_BOOL_CONVERSION = YES;
				CLANG_WARN_CONSTANT_CONVERSION = YES;
				CLANG_WARN_DIRECT_OBJC_ISA_USAGE = YES_ERROR;
				CLANG_WARN_DOCUMENTATION_COMMENTS = YES;
				CLANG_WARN_EMPTY_BODY = YES;
				CLANG_WARN_ENUM_CONVERSION = YES;
				CLANG_WARN_INFINITE_RECURSION = YES;
				CLANG_WARN_INT_CONVERSION = YES;
				CLANG_WARN_OBJC_ROOT_CLASS = YES_ERROR;
				CLANG_WARN_SUSPICIOUS_MOVE = YES;
				CLANG_WARN_UNREACHABLE_CODE = YES;
				CLANG_WARN__DUPLICATE_METHOD_MATCH = YES;
				"CODE_SIGN_IDENTITY[sdk=iphoneos*]" = "iPhone Developer";
				COPY_PHASE_STRIP = NO;
				DEBUG_INFORMATION_FORMAT = dwarf;
				ENABLE_STRICT_OBJC_MSGSEND = YES;
				ENABLE_TESTABILITY = YES;
				GCC_C_LANGUAGE_STANDARD = gnu99;
				GCC_DYNAMIC_NO_PIC = NO;
				GCC_NO_COMMON_BLOCKS = YES;
				GCC_OPTIMIZATION_LEVEL = 0;
				GCC_PREPROCESSOR_DEFINITIONS = (
					"DEBUG=1",
					"$(inherited)",
				);
				GCC_WARN_64_TO_32_BIT_CONVERSION = YES;
				GCC_WARN_ABOUT_RETURN_TYPE = YES_ERROR;
				GCC_WARN_UNDECLARED_SELECTOR = YES;
				GCC_WARN_UNINITIALIZED_AUTOS = YES_AGGRESSIVE;
				GCC_WARN_UNUSED_FUNCTION = YES;
				GCC_WARN_UNUSED_VARIABLE = YES;
				IPHONEOS_DEPLOYMENT_TARGET = 10.2;
				MTL_ENABLE_DEBUG_INFO = YES;
				ONLY_ACTIVE_ARCH = YES;
				SDKROOT = iphoneos;
				TARGETED_DEVICE_FAMILY = "1,2";
			};
			name = Debug;
		};
		187E892A1E840BC5007DFB52 /* Release */ = {
			isa = XCBuildConfiguration;
			buildSettings = {
				ALWAYS_SEARCH_USER_PATHS = NO;
				CLANG_ANALYZER_NONNULL = YES;
				CLANG_CXX_LANGUAGE_STANDARD = "gnu++0x";
				CLANG_CXX_LIBRARY = "libc++";
				CLANG_ENABLE_MODULES = YES;
				CLANG_ENABLE_OBJC_ARC = YES;
				CLANG_WARN_BOOL_CONVERSION = YES;
				CLANG_WARN_CONSTANT_CONVERSION = YES;
				CLANG_WARN_DIRECT_OBJC_ISA_USAGE = YES_ERROR;
				CLANG_WARN_DOCUMENTATION_COMMENTS = YES;
				CLANG_WARN_EMPTY_BODY = YES;
				CLANG_WARN_ENUM_CONVERSION = YES;
				CLANG_WARN_INFINITE_RECURSION = YES;
				CLANG_WARN_INT_CONVERSION = YES;
				CLANG_WARN_OBJC_ROOT_CLASS = YES_ERROR;
				CLANG_WARN_SUSPICIOUS_MOVE = YES;
				CLANG_WARN_UNREACHABLE_CODE = YES;
				CLANG_WARN__DUPLICATE_METHOD_MATCH = YES;
				"CODE_SIGN_IDENTITY[sdk=iphoneos*]" = "iPhone Developer";
				COPY_PHASE_STRIP = NO;
				DEBUG_INFORMATION_FORMAT = "dwarf-with-dsym";
				ENABLE_NS_ASSERTIONS = NO;
				ENABLE_STRICT_OBJC_MSGSEND = YES;
				GCC_C_LANGUAGE_STANDARD = gnu99;
				GCC_NO_COMMON_BLOCKS = YES;
				GCC_WARN_64_TO_32_BIT_CONVERSION = YES;
				GCC_WARN_ABOUT_RETURN_TYPE = YES_ERROR;
				GCC_WARN_UNDECLARED_SELECTOR = YES;
				GCC_WARN_UNINITIALIZED_AUTOS = YES_AGGRESSIVE;
				GCC_WARN_UNUSED_FUNCTION = YES;
				GCC_WARN_UNUSED_VARIABLE = YES;
				IPHONEOS_DEPLOYMENT_TARGET = 10.2;
				MTL_ENABLE_DEBUG_INFO = NO;
				SDKROOT = iphoneos;
				TARGETED_DEVICE_FAMILY = "1,2";
				VALIDATE_PRODUCT = YES;
			};
			name = Release;
		};
		187E892C1E840BC5007DFB52 /* Debug */ = {
			isa = XCBuildConfiguration;
			baseConfigurationReference = FC8AC30F71A108ECFD6D944E /* Pods-Water App.debug.xcconfig */;
			buildSettings = {
				ASSETCATALOG_COMPILER_APPICON_NAME = AppIcon;
				DEVELOPMENT_TEAM = YD6XDYJUC5;
				INFOPLIST_FILE = "Water App/Info.plist";
				LD_RUNPATH_SEARCH_PATHS = "$(inherited) @executable_path/Frameworks";
				PRODUCT_BUNDLE_IDENTIFIER = "Immanuel.Water-App";
				PRODUCT_NAME = "$(TARGET_NAME)";
			};
			name = Debug;
		};
		187E892D1E840BC5007DFB52 /* Release */ = {
			isa = XCBuildConfiguration;
			baseConfigurationReference = 272FA7EAD7780D29F208EAED /* Pods-Water App.release.xcconfig */;
			buildSettings = {
				ASSETCATALOG_COMPILER_APPICON_NAME = AppIcon;
				DEVELOPMENT_TEAM = YD6XDYJUC5;
				INFOPLIST_FILE = "Water App/Info.plist";
				LD_RUNPATH_SEARCH_PATHS = "$(inherited) @executable_path/Frameworks";
				PRODUCT_BUNDLE_IDENTIFIER = "Immanuel.Water-App";
				PRODUCT_NAME = "$(TARGET_NAME)";
			};
			name = Release;
		};
		187E892F1E840BC5007DFB52 /* Debug */ = {
			isa = XCBuildConfiguration;
			baseConfigurationReference = 847E2DE8553AB80872CFDC0D /* Pods-Water AppTests.debug.xcconfig */;
			buildSettings = {
				BUNDLE_LOADER = "$(TEST_HOST)";
				DEVELOPMENT_TEAM = YD6XDYJUC5;
				INFOPLIST_FILE = "Water AppTests/Info.plist";
				LD_RUNPATH_SEARCH_PATHS = "$(inherited) @executable_path/Frameworks @loader_path/Frameworks";
				PRODUCT_BUNDLE_IDENTIFIER = "immanuel.Water-AppTests";
				PRODUCT_NAME = "$(TARGET_NAME)";
				TEST_HOST = "$(BUILT_PRODUCTS_DIR)/Water App.app/Water App";
			};
			name = Debug;
		};
		187E89301E840BC5007DFB52 /* Release */ = {
			isa = XCBuildConfiguration;
			baseConfigurationReference = 10D443E73E3D39B42F3A96F4 /* Pods-Water AppTests.release.xcconfig */;
			buildSettings = {
				BUNDLE_LOADER = "$(TEST_HOST)";
				DEVELOPMENT_TEAM = YD6XDYJUC5;
				INFOPLIST_FILE = "Water AppTests/Info.plist";
				LD_RUNPATH_SEARCH_PATHS = "$(inherited) @executable_path/Frameworks @loader_path/Frameworks";
				PRODUCT_BUNDLE_IDENTIFIER = "immanuel.Water-AppTests";
				PRODUCT_NAME = "$(TARGET_NAME)";
				TEST_HOST = "$(BUILT_PRODUCTS_DIR)/Water App.app/Water App";
			};
			name = Release;
		};
		187E89321E840BC5007DFB52 /* Debug */ = {
			isa = XCBuildConfiguration;
			baseConfigurationReference = 42B3C0002EE72748344FEFDC /* Pods-Water AppUITests.debug.xcconfig */;
			buildSettings = {
				DEVELOPMENT_TEAM = YD6XDYJUC5;
				INFOPLIST_FILE = "Water AppUITests/Info.plist";
				LD_RUNPATH_SEARCH_PATHS = "$(inherited) @executable_path/Frameworks @loader_path/Frameworks";
				PRODUCT_BUNDLE_IDENTIFIER = "immanuel.Water-AppUITests";
				PRODUCT_NAME = "$(TARGET_NAME)";
				TEST_TARGET_NAME = "Water App";
			};
			name = Debug;
		};
		187E89331E840BC5007DFB52 /* Release */ = {
			isa = XCBuildConfiguration;
			baseConfigurationReference = 1E0E6F9AD04C1ADA95E99FDA /* Pods-Water AppUITests.release.xcconfig */;
			buildSettings = {
				DEVELOPMENT_TEAM = YD6XDYJUC5;
				INFOPLIST_FILE = "Water AppUITests/Info.plist";
				LD_RUNPATH_SEARCH_PATHS = "$(inherited) @executable_path/Frameworks @loader_path/Frameworks";
				PRODUCT_BUNDLE_IDENTIFIER = "immanuel.Water-AppUITests";
				PRODUCT_NAME = "$(TARGET_NAME)";
				TEST_TARGET_NAME = "Water App";
			};
			name = Release;
		};
/* End XCBuildConfiguration section */

/* Begin XCConfigurationList section */
		187E88F61E840BC5007DFB52 /* Build configuration list for PBXProject "Water App" */ = {
			isa = XCConfigurationList;
			buildConfigurations = (
				187E89291E840BC5007DFB52 /* Debug */,
				187E892A1E840BC5007DFB52 /* Release */,
			);
			defaultConfigurationIsVisible = 0;
			defaultConfigurationName = Release;
		};
		187E892B1E840BC5007DFB52 /* Build configuration list for PBXNativeTarget "Water App" */ = {
			isa = XCConfigurationList;
			buildConfigurations = (
				187E892C1E840BC5007DFB52 /* Debug */,
				187E892D1E840BC5007DFB52 /* Release */,
			);
			defaultConfigurationIsVisible = 0;
			defaultConfigurationName = Release;
		};
		187E892E1E840BC5007DFB52 /* Build configuration list for PBXNativeTarget "Water AppTests" */ = {
			isa = XCConfigurationList;
			buildConfigurations = (
				187E892F1E840BC5007DFB52 /* Debug */,
				187E89301E840BC5007DFB52 /* Release */,
			);
			defaultConfigurationIsVisible = 0;
			defaultConfigurationName = Release;
		};
		187E89311E840BC5007DFB52 /* Build configuration list for PBXNativeTarget "Water AppUITests" */ = {
			isa = XCConfigurationList;
			buildConfigurations = (
				187E89321E840BC5007DFB52 /* Debug */,
				187E89331E840BC5007DFB52 /* Release */,
			);
			defaultConfigurationIsVisible = 0;
			defaultConfigurationName = Release;
		};
/* End XCConfigurationList section */

/* Begin XCVersionGroup section */
		187E890A1E840BC5007DFB52 /* Water_App.xcdatamodeld */ = {
			isa = XCVersionGroup;
			children = (
				187E890B1E840BC5007DFB52 /* Water_App.xcdatamodel */,
			);
			currentVersion = 187E890B1E840BC5007DFB52 /* Water_App.xcdatamodel */;
			path = Water_App.xcdatamodeld;
			sourceTree = "<group>";
			versionGroupType = wrapper.xcdatamodel;
		};
/* End XCVersionGroup section */
	};
	rootObject = 187E88F31E840BC5007DFB52 /* Project object */;
}
